
Microsoft Visual Studio Solution File, Format Version 12.00
# Visual Studio Version 16
VisualStudioVersion = 16.0.29403.142
MinimumVisualStudioVersion = 10.0.40219.1
Project("{9A19103F-16F7-4668-BE54-9A1E7A4F7556}") = "WeatherService", "WeatherService\WeatherService.csproj", "{2EC4F071-4C5C-4C12-AB77-7028F5463341}"
EndProject
Global
	GlobalSection(SolutionConfigurationPlatforms) = preSolution
		Debug|Any CPU = Debug|Any CPU
		Release|Any CPU = Release|Any CPU
	EndGlobalSection
	GlobalSection(ProjectConfigurationPlatforms) = postSolution
		{2EC4F071-4C5C-4C12-AB77-7028F5463341}.Debug|Any CPU.ActiveCfg = Debug|Any CPU
		{2EC4F071-4C5C-4C12-AB77-7028F5463341}.Debug|Any CPU.Build.0 = Debug|Any CPU
		{2EC4F071-4C5C-4C12-AB77-7028F5463341}.Release|Any CPU.ActiveCfg = Release|Any CPU
		{2EC4F071-4C5C-4C12-AB77-7028F5463341}.Release|Any CPU.Build.0 = Release|Any CPU
	EndGlobalSection
	GlobalSection(SolutionProperties) = preSolution
		HideSolutionNode = FALSE
	EndGlobalSection
	GlobalSection(ExtensibilityGlobals) = postSolution
		SolutionGuid = {B19640A3-DAB4-4650-849C-E52DE4667361}
	EndGlobalSection
EndGlobal
